// !$*UTF8*$!
{
	archiveVersion = 1;
	classes = {
	};
	objectVersion = 46;
	objects = {

/* Begin PBXBuildFile section */
		A7948D9017738FFB005C3DC0 /* UIKit.framework in Frameworks */ = {isa = PBXBuildFile; fileRef = A7948D8F17738FFB005C3DC0 /* UIKit.framework */; };
		A7948D9217738FFB005C3DC0 /* Foundation.framework in Frameworks */ = {isa = PBXBuildFile; fileRef = A7948D9117738FFB005C3DC0 /* Foundation.framework */; };
		A7948D9417738FFB005C3DC0 /* CoreGraphics.framework in Frameworks */ = {isa = PBXBuildFile; fileRef = A7948D9317738FFB005C3DC0 /* CoreGraphics.framework */; };
		A7948D9A17738FFB005C3DC0 /* InfoPlist.strings in Resources */ = {isa = PBXBuildFile; fileRef = A7948D9817738FFB005C3DC0 /* InfoPlist.strings */; };
		A7948D9C17738FFB005C3DC0 /* main.m in Sources */ = {isa = PBXBuildFile; fileRef = A7948D9B17738FFB005C3DC0 /* main.m */; };
		A7948DA017738FFB005C3DC0 /* AppDelegate.m in Sources */ = {isa = PBXBuildFile; fileRef = A7948D9F17738FFB005C3DC0 /* AppDelegate.m */; };
		A7948DA217738FFC005C3DC0 /* Default.png in Resources */ = {isa = PBXBuildFile; fileRef = A7948DA117738FFC005C3DC0 /* Default.png */; };
		A7948DA417738FFC005C3DC0 /* Default@2x.png in Resources */ = {isa = PBXBuildFile; fileRef = A7948DA317738FFC005C3DC0 /* Default@2x.png */; };
		A7948DA617738FFC005C3DC0 /* Default-568h@2x.png in Resources */ = {isa = PBXBuildFile; fileRef = A7948DA517738FFC005C3DC0 /* Default-568h@2x.png */; };
		A7948DA917738FFC005C3DC0 /* ViewController.m in Sources */ = {isa = PBXBuildFile; fileRef = A7948DA817738FFC005C3DC0 /* ViewController.m */; };
		A7948DAC17738FFC005C3DC0 /* ViewController.xib in Resources */ = {isa = PBXBuildFile; fileRef = A7948DAA17738FFC005C3DC0 /* ViewController.xib */; };
/* End PBXBuildFile section */

/* Begin PBXFileReference section */
		A7948D8C17738FFB005C3DC0 /* AddLockers.app */ = {isa = PBXFileReference; explicitFileType = wrapper.application; includeInIndex = 0; path = AddLockers.app; sourceTree = BUILT_PRODUCTS_DIR; };
		A7948D8F17738FFB005C3DC0 /* UIKit.framework */ = {isa = PBXFileReference; lastKnownFileType = wrapper.framework; name = UIKit.framework; path = System/Library/Frameworks/UIKit.framework; sourceTree = SDKROOT; };
		A7948D9117738FFB005C3DC0 /* Foundation.framework */ = {isa = PBXFileReference; lastKnownFileType = wrapper.framework; name = Foundation.framework; path = System/Library/Frameworks/Foundation.framework; sourceTree = SDKROOT; };
		A7948D9317738FFB005C3DC0 /* CoreGraphics.framework */ = {isa = PBXFileReference; lastKnownFileType = wrapper.framework; name = CoreGraphics.framework; path = System/Library/Frameworks/CoreGraphics.framework; sourceTree = SDKROOT; };
		A7948D9717738FFB005C3DC0 /* AddLockers-Info.plist */ = {isa = PBXFileReference; lastKnownFileType = text.plist.xml; path = "AddLockers-Info.plist"; sourceTree = "<group>"; };
		A7948D9917738FFB005C3DC0 /* en */ = {isa = PBXFileReference; lastKnownFileType = text.plist.strings; name = en; path = en.lproj/InfoPlist.strings; sourceTree = "<group>"; };
		A7948D9B17738FFB005C3DC0 /* main.m */ = {isa = PBXFileReference; lastKnownFileType = sourcecode.c.objc; path = main.m; sourceTree = "<group>"; };
		A7948D9D17738FFB005C3DC0 /* AddLockers-Prefix.pch */ = {isa = PBXFileReference; lastKnownFileType = sourcecode.c.h; path = "AddLockers-Prefix.pch"; sourceTree = "<group>"; };
		A7948D9E17738FFB005C3DC0 /* AppDelegate.h */ = {isa = PBXFileReference; lastKnownFileType = sourcecode.c.h; path = AppDelegate.h; sourceTree = "<group>"; };
		A7948D9F17738FFB005C3DC0 /* AppDelegate.m */ = {isa = PBXFileReference; lastKnownFileType = sourcecode.c.objc; path = AppDelegate.m; sourceTree = "<group>"; };
		A7948DA117738FFC005C3DC0 /* Default.png */ = {isa = PBXFileReference; lastKnownFileType = image.png; path = Default.png; sourceTree = "<group>"; };
		A7948DA317738FFC005C3DC0 /* Default@2x.png */ = {isa = PBXFileReference; lastKnownFileType = image.png; path = "Default@2x.png"; sourceTree = "<group>"; };
		A7948DA517738FFC005C3DC0 /* Default-568h@2x.png */ = {isa = PBXFileReference; lastKnownFileType = image.png; path = "Default-568h@2x.png"; sourceTree = "<group>"; };
		A7948DA717738FFC005C3DC0 /* ViewController.h */ = {isa = PBXFileReference; lastKnownFileType = sourcecode.c.h; path = ViewController.h; sourceTree = "<group>"; };
		A7948DA817738FFC005C3DC0 /* ViewController.m */ = {isa = PBXFileReference; lastKnownFileType = sourcecode.c.objc; path = ViewController.m; sourceTree = "<group>"; };
		A7948DAB17738FFC005C3DC0 /* en */ = {isa = PBXFileReference; lastKnownFileType = file.xib; name = en; path = en.lproj/ViewController.xib; sourceTree = "<group>"; };
/* End PBXFileReference section */

/* Begin PBXFrameworksBuildPhase section */
		A7948D8917738FFB005C3DC0 /* Frameworks */ = {
			isa = PBXFrameworksBuildPhase;
			buildActionMask = 2147483647;
			files = (
				A7948D9017738FFB005C3DC0 /* UIKit.framework in Frameworks */,
				A7948D9217738FFB005C3DC0 /* Foundation.framework in Frameworks */,
				A7948D9417738FFB005C3DC0 /* CoreGraphics.framework in Frameworks */,
			);
			runOnlyForDeploymentPostprocessing = 0;
		};
/* End PBXFrameworksBuildPhase section */

/* Begin PBXGroup section */
		A7948D8317738FFB005C3DC0 = {
			isa = PBXGroup;
			children = (
				A7948D9517738FFB005C3DC0 /* AddLockers */,
				A7948D8E17738FFB005C3DC0 /* Frameworks */,
				A7948D8D17738FFB005C3DC0 /* Products */,
			);
			sourceTree = "<group>";
		};
		A7948D8D17738FFB005C3DC0 /* Products */ = {
			isa = PBXGroup;
			children = (
				A7948D8C17738FFB005C3DC0 /* AddLockers.app */,
			);
			name = Products;
			sourceTree = "<group>";
		};
		A7948D8E17738FFB005C3DC0 /* Frameworks */ = {
			isa = PBXGroup;
			children = (
				A7948D8F17738FFB005C3DC0 /* UIKit.framework */,
				A7948D9117738FFB005C3DC0 /* Foundation.framework */,
				A7948D9317738FFB005C3DC0 /* CoreGraphics.framework */,
			);
			name = Frameworks;
			sourceTree = "<group>";
		};
		A7948D9517738FFB005C3DC0 /* AddLockers */ = {
			isa = PBXGroup;
			children = (
				A7948D9E17738FFB005C3DC0 /* AppDelegate.h */,
				A7948D9F17738FFB005C3DC0 /* AppDelegate.m */,
				A7948DA717738FFC005C3DC0 /* ViewController.h */,
				A7948DA817738FFC005C3DC0 /* ViewController.m */,
				A7948DAA17738FFC005C3DC0 /* ViewController.xib */,
				A7948D9617738FFB005C3DC0 /* Supporting Files */,
			);
			path = AddLockers;
			sourceTree = "<group>";
		};
		A7948D9617738FFB005C3DC0 /* Supporting Files */ = {
			isa = PBXGroup;
			children = (
				A7948D9717738FFB005C3DC0 /* AddLockers-Info.plist */,
				A7948D9817738FFB005C3DC0 /* InfoPlist.strings */,
				A7948D9B17738FFB005C3DC0 /* main.m */,
				A7948D9D17738FFB005C3DC0 /* AddLockers-Prefix.pch */,
				A7948DA117738FFC005C3DC0 /* Default.png */,
				A7948DA317738FFC005C3DC0 /* Default@2x.png */,
				A7948DA517738FFC005C3DC0 /* Default-568h@2x.png */,
			);
			name = "Supporting Files";
			sourceTree = "<group>";
		};
/* End PBXGroup section */

/* Begin PBXNativeTarget section */
		A7948D8B17738FFB005C3DC0 /* AddLockers */ = {
			isa = PBXNativeTarget;
			buildConfigurationList = A7948DAF17738FFC005C3DC0 /* Build configuration list for PBXNativeTarget "AddLockers" */;
			buildPhases = (
				A7948D8817738FFB005C3DC0 /* Sources */,
				A7948D8917738FFB005C3DC0 /* Frameworks */,
				A7948D8A17738FFB005C3DC0 /* Resources */,
			);
			buildRules = (
			);
			dependencies = (
			);
			name = AddLockers;
			productName = AddLockers;
			productReference = A7948D8C17738FFB005C3DC0 /* AddLockers.app */;
			productType = "com.apple.product-type.application";
		};
/* End PBXNativeTarget section */

/* Begin PBXProject section */
		A7948D8417738FFB005C3DC0 /* Project object */ = {
			isa = PBXProject;
			attributes = {
				LastUpgradeCheck = 0460;
				ORGANIZATIONNAME = self.edu;
			};
			buildConfigurationList = A7948D8717738FFB005C3DC0 /* Build configuration list for PBXProject "AddLockers" */;
			compatibilityVersion = "Xcode 3.2";
			developmentRegion = English;
			hasScannedForEncodings = 0;
			knownRegions = (
				en,
			);
			mainGroup = A7948D8317738FFB005C3DC0;
			productRefGroup = A7948D8D17738FFB005C3DC0 /* Products */;
			projectDirPath = "";
			projectRoot = "";
			targets = (
				A7948D8B17738FFB005C3DC0 /* AddLockers */,
			);
		};
/* End PBXProject section */

/* Begin PBXResourcesBuildPhase section */
		A7948D8A17738FFB005C3DC0 /* Resources */ = {
			isa = PBXResourcesBuildPhase;
			buildActionMask = 2147483647;
			files = (
				A7948D9A17738FFB005C3DC0 /* InfoPlist.strings in Resources */,
				A7948DA217738FFC005C3DC0 /* Default.png in Resources */,
				A7948DA417738FFC005C3DC0 /* Default@2x.png in Resources */,
				A7948DA617738FFC005C3DC0 /* Default-568h@2x.png in Resources */,
				A7948DAC17738FFC005C3DC0 /* ViewController.xib in Resources */,
			);
			runOnlyForDeploymentPostprocessing = 0;
		};
/* End PBXResourcesBuildPhase section */

/* Begin PBXSourcesBuildPhase section */
		A7948D8817738FFB005C3DC0 /* Sources */ = {
			isa = PBXSourcesBuildPhase;
			buildActionMask = 2147483647;
			files = (
				A7948D9C17738FFB005C3DC0 /* main.m in Sources */,
				A7948DA017738FFB005C3DC0 /* AppDelegate.m in Sources */,
				A7948DA917738FFC005C3DC0 /* ViewController.m in Sources */,
			);
			runOnlyForDeploymentPostprocessing = 0;
		};
/* End PBXSourcesBuildPhase section */

/* Begin PBXVariantGroup section */
		A7948D9817738FFB005C3DC0 /* InfoPlist.strings */ = {
			isa = PBXVariantGroup;
			children = (
				A7948D9917738FFB005C3DC0 /* en */,
			);
			name = InfoPlist.strings;
			sourceTree = "<group>";
		};
		A7948DAA17738FFC005C3DC0 /* ViewController.xib */ = {
			isa = PBXVariantGroup;
			children = (
				A7948DAB17738FFC005C3DC0 /* en */,
			);
			name = ViewController.xib;
			sourceTree = "<group>";
		};
/* End PBXVariantGroup section */

/* Begin XCBuildConfiguration section */
		A7948DAD17738FFC005C3DC0 /* Debug */ = {
			isa = XCBuildConfiguration;
			buildSettings = {
				ALWAYS_SEARCH_USER_PATHS = NO;
				CLANG_CXX_LANGUAGE_STANDARD = "gnu++0x";
				CLANG_CXX_LIBRARY = "libc++";
				CLANG_ENABLE_OBJC_ARC = YES;
				CLANG_WARN_CONSTANT_CONVERSION = YES;
				CLANG_WARN_EMPTY_BODY = YES;
				CLANG_WARN_ENUM_CONVERSION = YES;
				CLANG_WARN_INT_CONVERSION = YES;
				CLANG_WARN__DUPLICATE_METHOD_MATCH = YES;
				"CODE_SIGN_IDENTITY[sdk=iphoneos*]" = "iPhone Developer";
				COPY_PHASE_STRIP = NO;
				GCC_C_LANGUAGE_STANDARD = gnu99;
				GCC_DYNAMIC_NO_PIC = NO;
				GCC_OPTIMIZATION_LEVEL = 0;
				GCC_PREPROCESSOR_DEFINITIONS = (
					"DEBUG=1",
					"$(inherited)",
				);
				GCC_SYMBOLS_PRIVATE_EXTERN = NO;
				GCC_WARN_ABOUT_RETURN_TYPE = YES;
				GCC_WARN_UNINITIALIZED_AUTOS = YES;
				GCC_WARN_UNUSED_VARIABLE = YES;
				IPHONEOS_DEPLOYMENT_TARGET = 6.1;
				ONLY_ACTIVE_ARCH = YES;
				SDKROOT = iphoneos;
			};
			name = Debug;
		};
		A7948DAE17738FFC005C3DC0 /* Release */ = {
			isa = XCBuildConfiguration;
			buildSettings = {
				ALWAYS_SEARCH_USER_PATHS = NO;
				CLANG_CXX_LANGUAGE_STANDARD = "gnu++0x";
				CLANG_CXX_LIBRARY = "libc++";
				CLANG_ENABLE_OBJC_ARC = YES;
				CLANG_WARN_CONSTANT_CONVERSION = YES;
				CLANG_WARN_EMPTY_BODY = YES;
				CLANG_WARN_ENUM_CONVERSION = YES;
				CLANG_WARN_INT_CONVERSION = YES;
				CLANG_WARN__DUPLICATE_METHOD_MATCH = YES;
				"CODE_SIGN_IDENTITY[sdk=iphoneos*]" = "iPhone Developer";
				COPY_PHASE_STRIP = YES;
				GCC_C_LANGUAGE_STANDARD = gnu99;
				GCC_WARN_ABOUT_RETURN_TYPE = YES;
				GCC_WARN_UNINITIALIZED_AUTOS = YES;
				GCC_WARN_UNUSED_VARIABLE = YES;
				IPHONEOS_DEPLOYMENT_TARGET = 6.1;
				OTHER_CFLAGS = "-DNS_BLOCK_ASSERTIONS=1";
				SDKROOT = iphoneos;
				VALIDATE_PRODUCT = YES;
			};
			name = Release;
		};
		A7948DB017738FFC005C3DC0 /* Debug */ = {
			isa = XCBuildConfiguration;
			buildSettings = {
				GCC_PRECOMPILE_PREFIX_HEADER = YES;
				GCC_PREFIX_HEADER = "AddLockers/AddLockers-Prefix.pch";
				INFOPLIST_FILE = "AddLockers/AddLockers-Info.plist";
				PRODUCT_NAME = "$(TARGET_NAME)";
				WRAPPER_EXTENSION = app;
			};
			name = Debug;
		};
		A7948DB117738FFC005C3DC0 /* Release */ = {
			isa = XCBuildConfiguration;
			buildSettings = {
				GCC_PRECOMPILE_PREFIX_HEADER = YES;
				GCC_PREFIX_HEADER = "AddLockers/AddLockers-Prefix.pch";
				INFOPLIST_FILE = "AddLockers/AddLockers-Info.plist";
				PRODUCT_NAME = "$(TARGET_NAME)";
				WRAPPER_EXTENSION = app;
			};
			name = Release;
		};
/* End XCBuildConfiguration section */

/* Begin XCConfigurationList section */
		A7948D8717738FFB005C3DC0 /* Build configuration list for PBXProject "AddLockers" */ = {
			isa = XCConfigurationList;
			buildConfigurations = (
				A7948DAD17738FFC005C3DC0 /* Debug */,
				A7948DAE17738FFC005C3DC0 /* Release */,
			);
			defaultConfigurationIsVisible = 0;
			defaultConfigurationName = Release;
		};
		A7948DAF17738FFC005C3DC0 /* Build configuration list for PBXNativeTarget "AddLockers" */ = {
			isa = XCConfigurationList;
			buildConfigurations = (
				A7948DB017738FFC005C3DC0 /* Debug */,
				A7948DB117738FFC005C3DC0 /* Release */,
			);
			defaultConfigurationIsVisible = 0;
		};
/* End XCConfigurationList section */
	};
	rootObject = A7948D8417738FFB005C3DC0 /* Project object */;
}
